PODS:
  - esewa_flutter_sdk (0.0.1):
    - Flutter
  - Flutter (1.0.0)

DEPENDENCIES:
  - esewa_flutter_sdk (from `.symlinks/plugins/esewa_flutter_sdk/ios`)
  - Flutter (from `Flutter`)

EXTERNAL SOURCES:
  esewa_flutter_sdk:
    :path: ".symlinks/plugins/esewa_flutter_sdk/ios"
  Flutter:
    :path: Flutter

SPEC CHECKSUMS:
  esewa_flutter_sdk: 315c99cb3fd2a4e4ce7d13b0db5dd27fca7ff4db
  Flutter: f04841e97a9d0b0a8025694d0796dd46242b2854

PODFILE CHECKSUM: ef19549a9bc3046e7bb7d2fab4d021637c0c58a3

COCOAPODS: 1.12.0
